
Microsoft Visual Studio Solution File, Format Version 12.00
# Visual Studio Version 17
VisualStudioVersion = 17.9.34321.82
MinimumVisualStudioVersion = 10.0.40219.1
Project("{FAE04EC0-301F-11D3-BF4B-00C04F79EFBC}") = "TeaTimeDemo", "TeaTimeDemo\TeaTimeDemo.csproj", "{42CB21C5-7691-4D2E-BBAC-83A4C9E8FBFC}"
EndProject
Global
	GlobalSection(SolutionConfigurationPlatforms) = preSolution
		Debug|Any CPU = Debug|Any CPU
		Release|Any CPU = Release|Any CPU
	EndGlobalSection
	GlobalSection(ProjectConfigurationPlatforms) = postSolution
		{42CB21C5-7691-4D2E-BBAC-83A4C9E8FBFC}.Debug|Any CPU.ActiveCfg = Debug|Any CPU
		{42CB21C5-7691-4D2E-BBAC-83A4C9E8FBFC}.Debug|Any CPU.Build.0 = Debug|Any CPU
		{42CB21C5-7691-4D2E-BBAC-83A4C9E8FBFC}.Release|Any CPU.ActiveCfg = Release|Any CPU
		{42CB21C5-7691-4D2E-BBAC-83A4C9E8FBFC}.Release|Any CPU.Build.0 = Release|Any CPU
	EndGlobalSection
	GlobalSection(SolutionProperties) = preSolution
		HideSolutionNode = FALSE
	EndGlobalSection
	GlobalSection(ExtensibilityGlobals) = postSolution
		SolutionGuid = {01B2B38F-227C-4BE3-A813-FC07F779BA2F}
	EndGlobalSection
EndGlobal
